
Microsoft Visual Studio Solution File, Format Version 12.00
# Visual Studio Version 17
VisualStudioVersion = 17.0.31903.59
MinimumVisualStudioVersion = 10.0.40219.1
Project("{2150E333-8FDC-42A3-9474-1A3956D46DE8}") = ".root", ".root", "{AF02160B-E028-444A-9B6E-B548463E4A4D}"
	ProjectSection(SolutionItems) = preProject
		.editorconfig = .editorconfig
		.gitignore = .gitignore
		.github\dependabot.yml = .github\dependabot.yml
		Directory.Build.props = Directory.Build.props
		Directory.Packages.props = Directory.Packages.props
		readme.md = readme.md
	EndProjectSection
EndProject
Project("{2150E333-8FDC-42A3-9474-1A3956D46DE8}") = "workflows", "workflows", "{CA4DD675-66D2-45F3-B57B-F751AF1E66D3}"
	ProjectSection(SolutionItems) = preProject
		.github\workflows\build.yml = .github\workflows\build.yml
		.github\workflows\release.yml = .github\workflows\release.yml
	EndProjectSection
EndProject
Project("{2150E333-8FDC-42A3-9474-1A3956D46DE8}") = "Source", "Source", "{68142973-97B4-45D0-B6C7-BE884990AB7E}"
EndProject
Project("{2150E333-8FDC-42A3-9474-1A3956D46DE8}") = "Tests", "Tests", "{4A2C6A96-653A-40CC-9354-535F92A0BBD8}"
EndProject
Project("{9A19103F-16F7-4668-BE54-9A1E7A4F7556}") = "Immediate.Apis", "src\Immediate.Apis\Immediate.Apis.csproj", "{EC7C9E81-8A2D-4BEA-9D6B-44FCC3796129}"
EndProject
Project("{9A19103F-16F7-4668-BE54-9A1E7A4F7556}") = "Immediate.Apis.Generators", "src\Immediate.Apis.Generators\Immediate.Apis.Generators.csproj", "{01D48E54-9A25-4795-B154-19F97C306FC2}"
EndProject
Project("{9A19103F-16F7-4668-BE54-9A1E7A4F7556}") = "Immediate.Apis.Shared", "src\Immediate.Apis.Shared\Immediate.Apis.Shared.csproj", "{0EF463C2-6237-4491-A446-80860ACD280D}"
EndProject
Project("{9A19103F-16F7-4668-BE54-9A1E7A4F7556}") = "Immediate.Apis.FunctionalTests", "tests\Immediate.Apis.FunctionalTests\Immediate.Apis.FunctionalTests.csproj", "{4D9D5A85-102D-4F71-9E8A-FECBFE47EBA3}"
EndProject
Project("{9A19103F-16F7-4668-BE54-9A1E7A4F7556}") = "Immediate.Apis.Tests", "tests\Immediate.Apis.Tests\Immediate.Apis.Tests.csproj", "{058EFC02-6DDA-486F-8C4F-08BA816061CE}"
EndProject
Project("{9A19103F-16F7-4668-BE54-9A1E7A4F7556}") = "Immediate.Apis.Analyzers", "src\Immediate.Apis.Analyzers\Immediate.Apis.Analyzers.csproj", "{2E3B32C4-7A45-43C5-AAE7-D9001EEABD23}"
EndProject
Project("{FAE04EC0-301F-11D3-BF4B-00C04F79EFBC}") = "Immediate.Apis.CodeFixes", "src\Immediate.Apis.CodeFixes\Immediate.Apis.CodeFixes.csproj", "{1DBD2F87-3D12-438A-8F91-F263B1F747B1}"
EndProject
Global
	GlobalSection(SolutionConfigurationPlatforms) = preSolution
		Debug|Any CPU = Debug|Any CPU
		Release|Any CPU = Release|Any CPU
	EndGlobalSection
	GlobalSection(ProjectConfigurationPlatforms) = postSolution
		{EC7C9E81-8A2D-4BEA-9D6B-44FCC3796129}.Debug|Any CPU.ActiveCfg = Debug|Any CPU
		{EC7C9E81-8A2D-4BEA-9D6B-44FCC3796129}.Debug|Any CPU.Build.0 = Debug|Any CPU
		{EC7C9E81-8A2D-4BEA-9D6B-44FCC3796129}.Release|Any CPU.ActiveCfg = Release|Any CPU
		{EC7C9E81-8A2D-4BEA-9D6B-44FCC3796129}.Release|Any CPU.Build.0 = Release|Any CPU
		{01D48E54-9A25-4795-B154-19F97C306FC2}.Debug|Any CPU.ActiveCfg = Debug|Any CPU
		{01D48E54-9A25-4795-B154-19F97C306FC2}.Debug|Any CPU.Build.0 = Debug|Any CPU
		{01D48E54-9A25-4795-B154-19F97C306FC2}.Release|Any CPU.ActiveCfg = Release|Any CPU
		{01D48E54-9A25-4795-B154-19F97C306FC2}.Release|Any CPU.Build.0 = Release|Any CPU
		{0EF463C2-6237-4491-A446-80860ACD280D}.Debug|Any CPU.ActiveCfg = Debug|Any CPU
		{0EF463C2-6237-4491-A446-80860ACD280D}.Debug|Any CPU.Build.0 = Debug|Any CPU
		{0EF463C2-6237-4491-A446-80860ACD280D}.Release|Any CPU.ActiveCfg = Release|Any CPU
		{0EF463C2-6237-4491-A446-80860ACD280D}.Release|Any CPU.Build.0 = Release|Any CPU
		{4D9D5A85-102D-4F71-9E8A-FECBFE47EBA3}.Debug|Any CPU.ActiveCfg = Debug|Any CPU
		{4D9D5A85-102D-4F71-9E8A-FECBFE47EBA3}.Debug|Any CPU.Build.0 = Debug|Any CPU
		{4D9D5A85-102D-4F71-9E8A-FECBFE47EBA3}.Release|Any CPU.ActiveCfg = Release|Any CPU
		{4D9D5A85-102D-4F71-9E8A-FECBFE47EBA3}.Release|Any CPU.Build.0 = Release|Any CPU
		{058EFC02-6DDA-486F-8C4F-08BA816061CE}.Debug|Any CPU.ActiveCfg = Debug|Any CPU
		{058EFC02-6DDA-486F-8C4F-08BA816061CE}.Debug|Any CPU.Build.0 = Debug|Any CPU
		{058EFC02-6DDA-486F-8C4F-08BA816061CE}.Release|Any CPU.ActiveCfg = Release|Any CPU
		{058EFC02-6DDA-486F-8C4F-08BA816061CE}.Release|Any CPU.Build.0 = Release|Any CPU
		{2E3B32C4-7A45-43C5-AAE7-D9001EEABD23}.Debug|Any CPU.ActiveCfg = Debug|Any CPU
		{2E3B32C4-7A45-43C5-AAE7-D9001EEABD23}.Debug|Any CPU.Build.0 = Debug|Any CPU
		{2E3B32C4-7A45-43C5-AAE7-D9001EEABD23}.Release|Any CPU.ActiveCfg = Release|Any CPU
		{2E3B32C4-7A45-43C5-AAE7-D9001EEABD23}.Release|Any CPU.Build.0 = Release|Any CPU
		{1DBD2F87-3D12-438A-8F91-F263B1F747B1}.Debug|Any CPU.ActiveCfg = Debug|Any CPU
		{1DBD2F87-3D12-438A-8F91-F263B1F747B1}.Debug|Any CPU.Build.0 = Debug|Any CPU
		{1DBD2F87-3D12-438A-8F91-F263B1F747B1}.Release|Any CPU.ActiveCfg = Release|Any CPU
		{1DBD2F87-3D12-438A-8F91-F263B1F747B1}.Release|Any CPU.Build.0 = Release|Any CPU
	EndGlobalSection
	GlobalSection(SolutionProperties) = preSolution
		HideSolutionNode = FALSE
	EndGlobalSection
	GlobalSection(NestedProjects) = preSolution
		{CA4DD675-66D2-45F3-B57B-F751AF1E66D3} = {AF02160B-E028-444A-9B6E-B548463E4A4D}
		{EC7C9E81-8A2D-4BEA-9D6B-44FCC3796129} = {68142973-97B4-45D0-B6C7-BE884990AB7E}
		{01D48E54-9A25-4795-B154-19F97C306FC2} = {68142973-97B4-45D0-B6C7-BE884990AB7E}
		{0EF463C2-6237-4491-A446-80860ACD280D} = {68142973-97B4-45D0-B6C7-BE884990AB7E}
		{4D9D5A85-102D-4F71-9E8A-FECBFE47EBA3} = {4A2C6A96-653A-40CC-9354-535F92A0BBD8}
		{058EFC02-6DDA-486F-8C4F-08BA816061CE} = {4A2C6A96-653A-40CC-9354-535F92A0BBD8}
		{2E3B32C4-7A45-43C5-AAE7-D9001EEABD23} = {68142973-97B4-45D0-B6C7-BE884990AB7E}
		{1DBD2F87-3D12-438A-8F91-F263B1F747B1} = {68142973-97B4-45D0-B6C7-BE884990AB7E}
	EndGlobalSection
	GlobalSection(ExtensibilityGlobals) = postSolution
		SolutionGuid = {E947E0E4-B196-46E5-8CFE-A6AE390B8897}
	EndGlobalSection
EndGlobal
